
Microsoft Visual Studio Solution File, Format Version 12.00
# Visual Studio Version 17
VisualStudioVersion = 17.1.32228.430
MinimumVisualStudioVersion = 10.0.40219.1
Project("{FAE04EC0-301F-11D3-BF4B-00C04F79EFBC}") = "Eurodiffusion", "Eurodiffusion\Eurodiffusion.csproj", "{30567FA3-6621-4887-8524-661CB044F7B7}"
EndProject
Global
	GlobalSection(SolutionConfigurationPlatforms) = preSolution
		Debug|Any CPU = Debug|Any CPU
		Release|Any CPU = Release|Any CPU
	EndGlobalSection
	GlobalSection(ProjectConfigurationPlatforms) = postSolution
		{30567FA3-6621-4887-8524-661CB044F7B7}.Debug|Any CPU.ActiveCfg = Debug|Any CPU
		{30567FA3-6621-4887-8524-661CB044F7B7}.Debug|Any CPU.Build.0 = Debug|Any CPU
		{30567FA3-6621-4887-8524-661CB044F7B7}.Release|Any CPU.ActiveCfg = Release|Any CPU
		{30567FA3-6621-4887-8524-661CB044F7B7}.Release|Any CPU.Build.0 = Release|Any CPU
	EndGlobalSection
	GlobalSection(SolutionProperties) = preSolution
		HideSolutionNode = FALSE
	EndGlobalSection
	GlobalSection(ExtensibilityGlobals) = postSolution
		SolutionGuid = {AEE8FE27-3D54-41D8-B4A1-C1DB106391A8}
	EndGlobalSection
EndGlobal
